// !$*UTF8*$!
{
	archiveVersion = 1;
	classes = {
	};
	objectVersion = 46;
	objects = {

/* Begin PBXBuildFile section */
		8A182D3F17C63B9C0029E3FE /* UIKit.framework in Frameworks */ = {isa = PBXBuildFile; fileRef = 8A182D3E17C63B9C0029E3FE /* UIKit.framework */; };
		8A182D4117C63B9C0029E3FE /* Foundation.framework in Frameworks */ = {isa = PBXBuildFile; fileRef = 8A182D4017C63B9C0029E3FE /* Foundation.framework */; };
		8A182D4317C63B9C0029E3FE /* CoreGraphics.framework in Frameworks */ = {isa = PBXBuildFile; fileRef = 8A182D4217C63B9C0029E3FE /* CoreGraphics.framework */; };
		8A182D4917C63B9C0029E3FE /* InfoPlist.strings in Resources */ = {isa = PBXBuildFile; fileRef = 8A182D4717C63B9C0029E3FE /* InfoPlist.strings */; };
		8A182D4B17C63B9C0029E3FE /* main.m in Sources */ = {isa = PBXBuildFile; fileRef = 8A182D4A17C63B9C0029E3FE /* main.m */; };
		8A182D4F17C63B9C0029E3FE /* AppDelegate.m in Sources */ = {isa = PBXBuildFile; fileRef = 8A182D4E17C63B9C0029E3FE /* AppDelegate.m */; };
		8A182D5117C63B9C0029E3FE /* Default.png in Resources */ = {isa = PBXBuildFile; fileRef = 8A182D5017C63B9C0029E3FE /* Default.png */; };
		8A182D5317C63B9C0029E3FE /* Default@2x.png in Resources */ = {isa = PBXBuildFile; fileRef = 8A182D5217C63B9C0029E3FE /* Default@2x.png */; };
		8A182D5517C63B9C0029E3FE /* Default-568h@2x.png in Resources */ = {isa = PBXBuildFile; fileRef = 8A182D5417C63B9C0029E3FE /* Default-568h@2x.png */; };
		8A182D5817C63B9C0029E3FE /* MainStoryboard.storyboard in Resources */ = {isa = PBXBuildFile; fileRef = 8A182D5617C63B9C0029E3FE /* MainStoryboard.storyboard */; };
		8A182D5B17C63B9C0029E3FE /* FirstViewController.m in Sources */ = {isa = PBXBuildFile; fileRef = 8A182D5A17C63B9C0029E3FE /* FirstViewController.m */; };
		8A182D5D17C63B9C0029E3FE /* first.png in Resources */ = {isa = PBXBuildFile; fileRef = 8A182D5C17C63B9C0029E3FE /* first.png */; };
		8A182D5F17C63B9C0029E3FE /* first@2x.png in Resources */ = {isa = PBXBuildFile; fileRef = 8A182D5E17C63B9C0029E3FE /* first@2x.png */; };
		8A182D6417C63B9C0029E3FE /* second.png in Resources */ = {isa = PBXBuildFile; fileRef = 8A182D6317C63B9C0029E3FE /* second.png */; };
		8A182D6617C63B9C0029E3FE /* second@2x.png in Resources */ = {isa = PBXBuildFile; fileRef = 8A182D6517C63B9C0029E3FE /* second@2x.png */; };
		8A182D6E17C63BD50029E3FE /* Indice.m in Sources */ = {isa = PBXBuildFile; fileRef = 8A182D6D17C63BD50029E3FE /* Indice.m */; };
		8A182D7117C63E800029E3FE /* Cantico.m in Sources */ = {isa = PBXBuildFile; fileRef = 8A182D7017C63E7F0029E3FE /* Cantico.m */; };
		8A182E0A17C66F480029E3FE /* c1.txt in Resources */ = {isa = PBXBuildFile; fileRef = 8A182D7317C66F480029E3FE /* c1.txt */; };
		8A182E0B17C66F480029E3FE /* c2.txt in Resources */ = {isa = PBXBuildFile; fileRef = 8A182D7417C66F480029E3FE /* c2.txt */; };
		8A182E0C17C66F480029E3FE /* c3.txt in Resources */ = {isa = PBXBuildFile; fileRef = 8A182D7517C66F480029E3FE /* c3.txt */; };
		8A182E0D17C66F480029E3FE /* c4.txt in Resources */ = {isa = PBXBuildFile; fileRef = 8A182D7617C66F480029E3FE /* c4.txt */; };
		8A182E0E17C66F480029E3FE /* c5.txt in Resources */ = {isa = PBXBuildFile; fileRef = 8A182D7717C66F480029E3FE /* c5.txt */; };
		8A182E0F17C66F480029E3FE /* c6.txt in Resources */ = {isa = PBXBuildFile; fileRef = 8A182D7817C66F480029E3FE /* c6.txt */; };
		8A182E1017C66F480029E3FE /* c7.txt in Resources */ = {isa = PBXBuildFile; fileRef = 8A182D7917C66F480029E3FE /* c7.txt */; };
		8A182E1117C66F480029E3FE /* c8.txt in Resources */ = {isa = PBXBuildFile; fileRef = 8A182D7A17C66F480029E3FE /* c8.txt */; };
		8A182E1217C66F480029E3FE /* c9.txt in Resources */ = {isa = PBXBuildFile; fileRef = 8A182D7B17C66F480029E3FE /* c9.txt */; };
		8A182E1317C66F480029E3FE /* c10.txt in Resources */ = {isa = PBXBuildFile; fileRef = 8A182D7C17C66F480029E3FE /* c10.txt */; };
		8A182E1417C66F480029E3FE /* c11.txt in Resources */ = {isa = PBXBuildFile; fileRef = 8A182D7D17C66F480029E3FE /* c11.txt */; };
		8A182E1517C66F480029E3FE /* c12.txt in Resources */ = {isa = PBXBuildFile; fileRef = 8A182D7E17C66F480029E3FE /* c12.txt */; };
		8A182E1617C66F480029E3FE /* c13.txt in Resources */ = {isa = PBXBuildFile; fileRef = 8A182D7F17C66F480029E3FE /* c13.txt */; };
		8A182E1717C66F480029E3FE /* c14.txt in Resources */ = {isa = PBXBuildFile; fileRef = 8A182D8017C66F480029E3FE /* c14.txt */; };
		8A182E1817C66F480029E3FE /* c15.txt in Resources */ = {isa = PBXBuildFile; fileRef = 8A182D8117C66F480029E3FE /* c15.txt */; };
		8A182E1917C66F480029E3FE /* c16.txt in Resources */ = {isa = PBXBuildFile; fileRef = 8A182D8217C66F480029E3FE /* c16.txt */; };
		8A182E1A17C66F480029E3FE /* c17.txt in Resources */ = {isa = PBXBuildFile; fileRef = 8A182D8317C66F480029E3FE /* c17.txt */; };
		8A182E1B17C66F480029E3FE /* c18.txt in Resources */ = {isa = PBXBuildFile; fileRef = 8A182D8417C66F480029E3FE /* c18.txt */; };
		8A182E1C17C66F480029E3FE /* c19.txt in Resources */ = {isa = PBXBuildFile; fileRef = 8A182D8517C66F480029E3FE /* c19.txt */; };
		8A182E1D17C66F480029E3FE /* c20.txt in Resources */ = {isa = PBXBuildFile; fileRef = 8A182D8617C66F480029E3FE /* c20.txt */; };
		8A182E1E17C66F480029E3FE /* c21.txt in Resources */ = {isa = PBXBuildFile; fileRef = 8A182D8717C66F480029E3FE /* c21.txt */; };
		8A182E1F17C66F480029E3FE /* c22.txt in Resources */ = {isa = PBXBuildFile; fileRef = 8A182D8817C66F480029E3FE /* c22.txt */; };
		8A182E2017C66F480029E3FE /* c23.txt in Resources */ = {isa = PBXBuildFile; fileRef = 8A182D8917C66F480029E3FE /* c23.txt */; };
		8A182E2117C66F480029E3FE /* c24.txt in Resources */ = {isa = PBXBuildFile; fileRef = 8A182D8A17C66F480029E3FE /* c24.txt */; };
		8A182E2217C66F480029E3FE /* c25.txt in Resources */ = {isa = PBXBuildFile; fileRef = 8A182D8B17C66F480029E3FE /* c25.txt */; };
		8A182E2317C66F480029E3FE /* c26.txt in Resources */ = {isa = PBXBuildFile; fileRef = 8A182D8C17C66F480029E3FE /* c26.txt */; };
		8A182E2417C66F480029E3FE /* c27.txt in Resources */ = {isa = PBXBuildFile; fileRef = 8A182D8D17C66F480029E3FE /* c27.txt */; };
		8A182E2517C66F480029E3FE /* c28.txt in Resources */ = {isa = PBXBuildFile; fileRef = 8A182D8E17C66F480029E3FE /* c28.txt */; };
		8A182E2617C66F480029E3FE /* c29.txt in Resources */ = {isa = PBXBuildFile; fileRef = 8A182D8F17C66F480029E3FE /* c29.txt */; };
		8A182E2717C66F480029E3FE /* c30.txt in Resources */ = {isa = PBXBuildFile; fileRef = 8A182D9017C66F480029E3FE /* c30.txt */; };
		8A182E2817C66F480029E3FE /* c31.txt in Resources */ = {isa = PBXBuildFile; fileRef = 8A182D9117C66F480029E3FE /* c31.txt */; };
		8A182E2917C66F480029E3FE /* c32.txt in Resources */ = {isa = PBXBuildFile; fileRef = 8A182D9217C66F480029E3FE /* c32.txt */; };
		8A182E2A17C66F480029E3FE /* c33.txt in Resources */ = {isa = PBXBuildFile; fileRef = 8A182D9317C66F480029E3FE /* c33.txt */; };
		8A182E2B17C66F480029E3FE /* c34.txt in Resources */ = {isa = PBXBuildFile; fileRef = 8A182D9417C66F480029E3FE /* c34.txt */; };
		8A182E2C17C66F480029E3FE /* c35.txt in Resources */ = {isa = PBXBuildFile; fileRef = 8A182D9517C66F480029E3FE /* c35.txt */; };
		8A182E2D17C66F480029E3FE /* c36.txt in Resources */ = {isa = PBXBuildFile; fileRef = 8A182D9617C66F480029E3FE /* c36.txt */; };
		8A182E2E17C66F480029E3FE /* c37.txt in Resources */ = {isa = PBXBuildFile; fileRef = 8A182D9717C66F480029E3FE /* c37.txt */; };
		8A182E2F17C66F480029E3FE /* c38.txt in Resources */ = {isa = PBXBuildFile; fileRef = 8A182D9817C66F480029E3FE /* c38.txt */; };
		8A182E3017C66F480029E3FE /* c39.txt in Resources */ = {isa = PBXBuildFile; fileRef = 8A182D9917C66F480029E3FE /* c39.txt */; };
		8A182E3117C66F480029E3FE /* c40.txt in Resources */ = {isa = PBXBuildFile; fileRef = 8A182D9A17C66F480029E3FE /* c40.txt */; };
		8A182E3217C66F480029E3FE /* c41.txt in Resources */ = {isa = PBXBuildFile; fileRef = 8A182D9B17C66F480029E3FE /* c41.txt */; };
		8A182E3317C66F480029E3FE /* c42.txt in Resources */ = {isa = PBXBuildFile; fileRef = 8A182D9C17C66F480029E3FE /* c42.txt */; };
		8A182E3417C66F480029E3FE /* c43.txt in Resources */ = {isa = PBXBuildFile; fileRef = 8A182D9D17C66F480029E3FE /* c43.txt */; };
		8A182E3517C66F480029E3FE /* c44.txt in Resources */ = {isa = PBXBuildFile; fileRef = 8A182D9E17C66F480029E3FE /* c44.txt */; };
		8A182E3617C66F480029E3FE /* c45.txt in Resources */ = {isa = PBXBuildFile; fileRef = 8A182D9F17C66F480029E3FE /* c45.txt */; };
		8A182E3717C66F480029E3FE /* c46.txt in Resources */ = {isa = PBXBuildFile; fileRef = 8A182DA017C66F480029E3FE /* c46.txt */; };
		8A182E3817C66F480029E3FE /* c47.txt in Resources */ = {isa = PBXBuildFile; fileRef = 8A182DA117C66F480029E3FE /* c47.txt */; };
		8A182E3917C66F480029E3FE /* c48.txt in Resources */ = {isa = PBXBuildFile; fileRef = 8A182DA217C66F480029E3FE /* c48.txt */; };
		8A182E3A17C66F480029E3FE /* c49.txt in Resources */ = {isa = PBXBuildFile; fileRef = 8A182DA317C66F480029E3FE /* c49.txt */; };
		8A182E3B17C66F480029E3FE /* c50.txt in Resources */ = {isa = PBXBuildFile; fileRef = 8A182DA417C66F480029E3FE /* c50.txt */; };
		8A182E3C17C66F480029E3FE /* c51.txt in Resources */ = {isa = PBXBuildFile; fileRef = 8A182DA517C66F480029E3FE /* c51.txt */; };
		8A182E3D17C66F480029E3FE /* c52.txt in Resources */ = {isa = PBXBuildFile; fileRef = 8A182DA617C66F480029E3FE /* c52.txt */; };
		8A182E3E17C66F480029E3FE /* c53.txt in Resources */ = {isa = PBXBuildFile; fileRef = 8A182DA717C66F480029E3FE /* c53.txt */; };
		8A182E3F17C66F480029E3FE /* c54.txt in Resources */ = {isa = PBXBuildFile; fileRef = 8A182DA817C66F480029E3FE /* c54.txt */; };
		8A182E4017C66F480029E3FE /* c55.txt in Resources */ = {isa = PBXBuildFile; fileRef = 8A182DA917C66F480029E3FE /* c55.txt */; };
		8A182E4117C66F480029E3FE /* c56.txt in Resources */ = {isa = PBXBuildFile; fileRef = 8A182DAA17C66F480029E3FE /* c56.txt */; };
		8A182E4217C66F480029E3FE /* c57.txt in Resources */ = {isa = PBXBuildFile; fileRef = 8A182DAB17C66F480029E3FE /* c57.txt */; };
		8A182E4317C66F480029E3FE /* c58.txt in Resources */ = {isa = PBXBuildFile; fileRef = 8A182DAC17C66F480029E3FE /* c58.txt */; };
		8A182E4417C66F480029E3FE /* c59.txt in Resources */ = {isa = PBXBuildFile; fileRef = 8A182DAD17C66F480029E3FE /* c59.txt */; };
		8A182E4517C66F480029E3FE /* c60.txt in Resources */ = {isa = PBXBuildFile; fileRef = 8A182DAE17C66F480029E3FE /* c60.txt */; };
		8A182E4617C66F480029E3FE /* c61.txt in Resources */ = {isa = PBXBuildFile; fileRef = 8A182DAF17C66F480029E3FE /* c61.txt */; };
		8A182E4717C66F480029E3FE /* c62.txt in Resources */ = {isa = PBXBuildFile; fileRef = 8A182DB017C66F480029E3FE /* c62.txt */; };
		8A182E4817C66F480029E3FE /* c63.txt in Resources */ = {isa = PBXBuildFile; fileRef = 8A182DB117C66F480029E3FE /* c63.txt */; };
		8A182E4917C66F480029E3FE /* c64.txt in Resources */ = {isa = PBXBuildFile; fileRef = 8A182DB217C66F480029E3FE /* c64.txt */; };
		8A182E4A17C66F480029E3FE /* c65.txt in Resources */ = {isa = PBXBuildFile; fileRef = 8A182DB317C66F480029E3FE /* c65.txt */; };
		8A182E4B17C66F480029E3FE /* c66.txt in Resources */ = {isa = PBXBuildFile; fileRef = 8A182DB417C66F480029E3FE /* c66.txt */; };
		8A182E4C17C66F480029E3FE /* c67.txt in Resources */ = {isa = PBXBuildFile; fileRef = 8A182DB517C66F480029E3FE /* c67.txt */; };
		8A182E4D17C66F480029E3FE /* c68.txt in Resources */ = {isa = PBXBuildFile; fileRef = 8A182DB617C66F480029E3FE /* c68.txt */; };
		8A182E4E17C66F480029E3FE /* c69.txt in Resources */ = {isa = PBXBuildFile; fileRef = 8A182DB717C66F480029E3FE /* c69.txt */; };
		8A182E4F17C66F480029E3FE /* c70.txt in Resources */ = {isa = PBXBuildFile; fileRef = 8A182DB817C66F480029E3FE /* c70.txt */; };
		8A182E5017C66F480029E3FE /* c71.txt in Resources */ = {isa = PBXBuildFile; fileRef = 8A182DB917C66F480029E3FE /* c71.txt */; };
		8A182E5117C66F480029E3FE /* c72.txt in Resources */ = {isa = PBXBuildFile; fileRef = 8A182DBA17C66F480029E3FE /* c72.txt */; };
		8A182E5217C66F480029E3FE /* c73.txt in Resources */ = {isa = PBXBuildFile; fileRef = 8A182DBB17C66F480029E3FE /* c73.txt */; };
		8A182E5317C66F480029E3FE /* c74.txt in Resources */ = {isa = PBXBuildFile; fileRef = 8A182DBC17C66F480029E3FE /* c74.txt */; };
		8A182E5417C66F480029E3FE /* c75.txt in Resources */ = {isa = PBXBuildFile; fileRef = 8A182DBD17C66F480029E3FE /* c75.txt */; };
		8A182E5517C66F480029E3FE /* c76.txt in Resources */ = {isa = PBXBuildFile; fileRef = 8A182DBE17C66F480029E3FE /* c76.txt */; };
		8A182E5617C66F480029E3FE /* c77.txt in Resources */ = {isa = PBXBuildFile; fileRef = 8A182DBF17C66F480029E3FE /* c77.txt */; };
		8A182E5717C66F480029E3FE /* c78.txt in Resources */ = {isa = PBXBuildFile; fileRef = 8A182DC017C66F480029E3FE /* c78.txt */; };
		8A182E5817C66F480029E3FE /* c79.txt in Resources */ = {isa = PBXBuildFile; fileRef = 8A182DC117C66F480029E3FE /* c79.txt */; };
		8A182E5917C66F480029E3FE /* c80.txt in Resources */ = {isa = PBXBuildFile; fileRef = 8A182DC217C66F480029E3FE /* c80.txt */; };
		8A182E5A17C66F480029E3FE /* c81.txt in Resources */ = {isa = PBXBuildFile; fileRef = 8A182DC317C66F480029E3FE /* c81.txt */; };
		8A182E5B17C66F480029E3FE /* c82.txt in Resources */ = {isa = PBXBuildFile; fileRef = 8A182DC417C66F480029E3FE /* c82.txt */; };
		8A182E5C17C66F480029E3FE /* c83.txt in Resources */ = {isa = PBXBuildFile; fileRef = 8A182DC517C66F480029E3FE /* c83.txt */; };
		8A182E5D17C66F480029E3FE /* c84.txt in Resources */ = {isa = PBXBuildFile; fileRef = 8A182DC617C66F480029E3FE /* c84.txt */; };
		8A182E5E17C66F480029E3FE /* c85.txt in Resources */ = {isa = PBXBuildFile; fileRef = 8A182DC717C66F480029E3FE /* c85.txt */; };
		8A182E5F17C66F480029E3FE /* c86.txt in Resources */ = {isa = PBXBuildFile; fileRef = 8A182DC817C66F480029E3FE /* c86.txt */; };
		8A182E6017C66F480029E3FE /* c87.txt in Resources */ = {isa = PBXBuildFile; fileRef = 8A182DC917C66F480029E3FE /* c87.txt */; };
		8A182E6117C66F480029E3FE /* c88.txt in Resources */ = {isa = PBXBuildFile; fileRef = 8A182DCA17C66F480029E3FE /* c88.txt */; };
		8A182E6217C66F480029E3FE /* c89.txt in Resources */ = {isa = PBXBuildFile; fileRef = 8A182DCB17C66F480029E3FE /* c89.txt */; };
		8A182E6317C66F480029E3FE /* c90.txt in Resources */ = {isa = PBXBuildFile; fileRef = 8A182DCC17C66F480029E3FE /* c90.txt */; };
		8A182E6417C66F480029E3FE /* c91.txt in Resources */ = {isa = PBXBuildFile; fileRef = 8A182DCD17C66F480029E3FE /* c91.txt */; };
		8A182E6517C66F480029E3FE /* c92.txt in Resources */ = {isa = PBXBuildFile; fileRef = 8A182DCE17C66F480029E3FE /* c92.txt */; };
		8A182E6617C66F480029E3FE /* c93.txt in Resources */ = {isa = PBXBuildFile; fileRef = 8A182DCF17C66F480029E3FE /* c93.txt */; };
		8A182E6717C66F480029E3FE /* c94.txt in Resources */ = {isa = PBXBuildFile; fileRef = 8A182DD017C66F480029E3FE /* c94.txt */; };
		8A182E6817C66F480029E3FE /* c95.txt in Resources */ = {isa = PBXBuildFile; fileRef = 8A182DD117C66F480029E3FE /* c95.txt */; };
		8A182E6917C66F480029E3FE /* c96.txt in Resources */ = {isa = PBXBuildFile; fileRef = 8A182DD217C66F480029E3FE /* c96.txt */; };
		8A182E6A17C66F480029E3FE /* c97.txt in Resources */ = {isa = PBXBuildFile; fileRef = 8A182DD317C66F480029E3FE /* c97.txt */; };
		8A182E6B17C66F480029E3FE /* c98.txt in Resources */ = {isa = PBXBuildFile; fileRef = 8A182DD417C66F480029E3FE /* c98.txt */; };
		8A182E6C17C66F480029E3FE /* c99.txt in Resources */ = {isa = PBXBuildFile; fileRef = 8A182DD517C66F480029E3FE /* c99.txt */; };
		8A182E6D17C66F480029E3FE /* c100.txt in Resources */ = {isa = PBXBuildFile; fileRef = 8A182DD617C66F480029E3FE /* c100.txt */; };
		8A182E6E17C66F480029E3FE /* c101.txt in Resources */ = {isa = PBXBuildFile; fileRef = 8A182DD717C66F480029E3FE /* c101.txt */; };
		8A182E6F17C66F480029E3FE /* c102.txt in Resources */ = {isa = PBXBuildFile; fileRef = 8A182DD817C66F480029E3FE /* c102.txt */; };
		8A182E7017C66F480029E3FE /* c103.txt in Resources */ = {isa = PBXBuildFile; fileRef = 8A182DD917C66F480029E3FE /* c103.txt */; };
		8A182E7117C66F480029E3FE /* c104.txt in Resources */ = {isa = PBXBuildFile; fileRef = 8A182DDA17C66F480029E3FE /* c104.txt */; };
		8A182E7217C66F480029E3FE /* c105.txt in Resources */ = {isa = PBXBuildFile; fileRef = 8A182DDB17C66F480029E3FE /* c105.txt */; };
		8A182E7317C66F480029E3FE /* c106.txt in Resources */ = {isa = PBXBuildFile; fileRef = 8A182DDC17C66F480029E3FE /* c106.txt */; };
		8A182E7417C66F480029E3FE /* c107.txt in Resources */ = {isa = PBXBuildFile; fileRef = 8A182DDD17C66F480029E3FE /* c107.txt */; };
		8A182E7517C66F480029E3FE /* c108.txt in Resources */ = {isa = PBXBuildFile; fileRef = 8A182DDE17C66F480029E3FE /* c108.txt */; };
		8A182E7617C66F480029E3FE /* c109.txt in Resources */ = {isa = PBXBuildFile; fileRef = 8A182DDF17C66F480029E3FE /* c109.txt */; };
		8A182E7717C66F480029E3FE /* c110.txt in Resources */ = {isa = PBXBuildFile; fileRef = 8A182DE017C66F480029E3FE /* c110.txt */; };
		8A182E7817C66F480029E3FE /* c111.txt in Resources */ = {isa = PBXBuildFile; fileRef = 8A182DE117C66F480029E3FE /* c111.txt */; };
		8A182E7917C66F480029E3FE /* c112.txt in Resources */ = {isa = PBXBuildFile; fileRef = 8A182DE217C66F480029E3FE /* c112.txt */; };
		8A182E7A17C66F480029E3FE /* c113.txt in Resources */ = {isa = PBXBuildFile; fileRef = 8A182DE317C66F480029E3FE /* c113.txt */; };
		8A182E7B17C66F480029E3FE /* c114.txt in Resources */ = {isa = PBXBuildFile; fileRef = 8A182DE417C66F480029E3FE /* c114.txt */; };
		8A182E7C17C66F480029E3FE /* c115.txt in Resources */ = {isa = PBXBuildFile; fileRef = 8A182DE517C66F480029E3FE /* c115.txt */; };
		8A182E7D17C66F480029E3FE /* c116.txt in Resources */ = {isa = PBXBuildFile; fileRef = 8A182DE617C66F480029E3FE /* c116.txt */; };
		8A182E7E17C66F480029E3FE /* c117.txt in Resources */ = {isa = PBXBuildFile; fileRef = 8A182DE717C66F480029E3FE /* c117.txt */; };
		8A182E7F17C66F480029E3FE /* c118.txt in Resources */ = {isa = PBXBuildFile; fileRef = 8A182DE817C66F480029E3FE /* c118.txt */; };
		8A182E8017C66F480029E3FE /* c119.txt in Resources */ = {isa = PBXBuildFile; fileRef = 8A182DE917C66F480029E3FE /* c119.txt */; };
		8A182E8117C66F480029E3FE /* c120.txt in Resources */ = {isa = PBXBuildFile; fileRef = 8A182DEA17C66F480029E3FE /* c120.txt */; };
		8A182E8217C66F480029E3FE /* c121.txt in Resources */ = {isa = PBXBuildFile; fileRef = 8A182DEB17C66F480029E3FE /* c121.txt */; };
		8A182E8317C66F480029E3FE /* c122.txt in Resources */ = {isa = PBXBuildFile; fileRef = 8A182DEC17C66F480029E3FE /* c122.txt */; };
		8A182E8417C66F480029E3FE /* c123.txt in Resources */ = {isa = PBXBuildFile; fileRef = 8A182DED17C66F480029E3FE /* c123.txt */; };
		8A182E8517C66F480029E3FE /* c124.txt in Resources */ = {isa = PBXBuildFile; fileRef = 8A182DEE17C66F480029E3FE /* c124.txt */; };
		8A182E8617C66F480029E3FE /* c125.txt in Resources */ = {isa = PBXBuildFile; fileRef = 8A182DEF17C66F480029E3FE /* c125.txt */; };
		8A182E8717C66F480029E3FE /* c126.txt in Resources */ = {isa = PBXBuildFile; fileRef = 8A182DF017C66F480029E3FE /* c126.txt */; };
		8A182E8817C66F480029E3FE /* c127.txt in Resources */ = {isa = PBXBuildFile; fileRef = 8A182DF117C66F480029E3FE /* c127.txt */; };
		8A182E8917C66F480029E3FE /* c128.txt in Resources */ = {isa = PBXBuildFile; fileRef = 8A182DF217C66F480029E3FE /* c128.txt */; };
		8A182E8A17C66F480029E3FE /* c129.txt in Resources */ = {isa = PBXBuildFile; fileRef = 8A182DF317C66F480029E3FE /* c129.txt */; };
		8A182E8B17C66F480029E3FE /* c130.txt in Resources */ = {isa = PBXBuildFile; fileRef = 8A182DF417C66F480029E3FE /* c130.txt */; };
		8A182E8C17C66F480029E3FE /* c131.txt in Resources */ = {isa = PBXBuildFile; fileRef = 8A182DF517C66F480029E3FE /* c131.txt */; };
		8A182E8D17C66F480029E3FE /* c132.txt in Resources */ = {isa = PBXBuildFile; fileRef = 8A182DF617C66F480029E3FE /* c132.txt */; };
		8A182E8E17C66F480029E3FE /* c133.txt in Resources */ = {isa = PBXBuildFile; fileRef = 8A182DF717C66F480029E3FE /* c133.txt */; };
		8A182E8F17C66F480029E3FE /* c134.txt in Resources */ = {isa = PBXBuildFile; fileRef = 8A182DF817C66F480029E3FE /* c134.txt */; };
		8A182E9017C66F480029E3FE /* c135.txt in Resources */ = {isa = PBXBuildFile; fileRef = 8A182DF917C66F480029E3FE /* c135.txt */; };
		8A182E9117C66F480029E3FE /* c136.txt in Resources */ = {isa = PBXBuildFile; fileRef = 8A182DFA17C66F480029E3FE /* c136.txt */; };
		8A182E9217C66F480029E3FE /* c137.txt in Resources */ = {isa = PBXBuildFile; fileRef = 8A182DFB17C66F480029E3FE /* c137.txt */; };
		8A182E9317C66F480029E3FE /* c138.txt in Resources */ = {isa = PBXBuildFile; fileRef = 8A182DFC17C66F480029E3FE /* c138.txt */; };
		8A182E9417C66F480029E3FE /* c139.txt in Resources */ = {isa = PBXBuildFile; fileRef = 8A182DFD17C66F480029E3FE /* c139.txt */; };
		8A182E9517C66F480029E3FE /* c140.txt in Resources */ = {isa = PBXBuildFile; fileRef = 8A182DFE17C66F480029E3FE /* c140.txt */; };
		8A182E9617C66F480029E3FE /* c141.txt in Resources */ = {isa = PBXBuildFile; fileRef = 8A182DFF17C66F480029E3FE /* c141.txt */; };
		8A182E9717C66F480029E3FE /* c142.txt in Resources */ = {isa = PBXBuildFile; fileRef = 8A182E0017C66F480029E3FE /* c142.txt */; };
		8A182E9817C66F480029E3FE /* c143.txt in Resources */ = {isa = PBXBuildFile; fileRef = 8A182E0117C66F480029E3FE /* c143.txt */; };
		8A182E9917C66F480029E3FE /* c144.txt in Resources */ = {isa = PBXBuildFile; fileRef = 8A182E0217C66F480029E3FE /* c144.txt */; };
		8A182E9A17C66F480029E3FE /* c145.txt in Resources */ = {isa = PBXBuildFile; fileRef = 8A182E0317C66F480029E3FE /* c145.txt */; };
		8A182E9B17C66F480029E3FE /* c146.txt in Resources */ = {isa = PBXBuildFile; fileRef = 8A182E0417C66F480029E3FE /* c146.txt */; };
		8A182E9C17C66F480029E3FE /* c147.txt in Resources */ = {isa = PBXBuildFile; fileRef = 8A182E0517C66F480029E3FE /* c147.txt */; };
		8A182E9D17C66F480029E3FE /* c148.txt in Resources */ = {isa = PBXBuildFile; fileRef = 8A182E0617C66F480029E3FE /* c148.txt */; };
		8A182E9E17C66F480029E3FE /* c149.txt in Resources */ = {isa = PBXBuildFile; fileRef = 8A182E0717C66F480029E3FE /* c149.txt */; };
		8A182E9F17C66F480029E3FE /* c150.txt in Resources */ = {isa = PBXBuildFile; fileRef = 8A182E0817C66F480029E3FE /* c150.txt */; };
		8A182EA017C66F480029E3FE /* indice.txt in Resources */ = {isa = PBXBuildFile; fileRef = 8A182E0917C66F480029E3FE /* indice.txt */; };
/* End PBXBuildFile section */

/* Begin PBXFileReference section */
		8A182D3B17C63B9C0029E3FE /* LivroDeCanticos.app */ = {isa = PBXFileReference; explicitFileType = wrapper.application; includeInIndex = 0; path = LivroDeCanticos.app; sourceTree = BUILT_PRODUCTS_DIR; };
		8A182D3E17C63B9C0029E3FE /* UIKit.framework */ = {isa = PBXFileReference; lastKnownFileType = wrapper.framework; name = UIKit.framework; path = System/Library/Frameworks/UIKit.framework; sourceTree = SDKROOT; };
		8A182D4017C63B9C0029E3FE /* Foundation.framework */ = {isa = PBXFileReference; lastKnownFileType = wrapper.framework; name = Foundation.framework; path = System/Library/Frameworks/Foundation.framework; sourceTree = SDKROOT; };
		8A182D4217C63B9C0029E3FE /* CoreGraphics.framework */ = {isa = PBXFileReference; lastKnownFileType = wrapper.framework; name = CoreGraphics.framework; path = System/Library/Frameworks/CoreGraphics.framework; sourceTree = SDKROOT; };
		8A182D4617C63B9C0029E3FE /* LivroDeCanticos-Info.plist */ = {isa = PBXFileReference; lastKnownFileType = text.plist.xml; path = "LivroDeCanticos-Info.plist"; sourceTree = "<group>"; };
		8A182D4817C63B9C0029E3FE /* en */ = {isa = PBXFileReference; lastKnownFileType = text.plist.strings; name = en; path = en.lproj/InfoPlist.strings; sourceTree = "<group>"; };
		8A182D4A17C63B9C0029E3FE /* main.m */ = {isa = PBXFileReference; lastKnownFileType = sourcecode.c.objc; path = main.m; sourceTree = "<group>"; };
		8A182D4C17C63B9C0029E3FE /* LivroDeCanticos-Prefix.pch */ = {isa = PBXFileReference; lastKnownFileType = sourcecode.c.h; path = "LivroDeCanticos-Prefix.pch"; sourceTree = "<group>"; };
		8A182D4D17C63B9C0029E3FE /* AppDelegate.h */ = {isa = PBXFileReference; lastKnownFileType = sourcecode.c.h; path = AppDelegate.h; sourceTree = "<group>"; };
		8A182D4E17C63B9C0029E3FE /* AppDelegate.m */ = {isa = PBXFileReference; lastKnownFileType = sourcecode.c.objc; path = AppDelegate.m; sourceTree = "<group>"; };
		8A182D5017C63B9C0029E3FE /* Default.png */ = {isa = PBXFileReference; lastKnownFileType = image.png; path = Default.png; sourceTree = "<group>"; };
		8A182D5217C63B9C0029E3FE /* Default@2x.png */ = {isa = PBXFileReference; lastKnownFileType = image.png; path = "Default@2x.png"; sourceTree = "<group>"; };
		8A182D5417C63B9C0029E3FE /* Default-568h@2x.png */ = {isa = PBXFileReference; lastKnownFileType = image.png; path = "Default-568h@2x.png"; sourceTree = "<group>"; };
		8A182D5717C63B9C0029E3FE /* en */ = {isa = PBXFileReference; lastKnownFileType = file.storyboard; name = en; path = en.lproj/MainStoryboard.storyboard; sourceTree = "<group>"; };
		8A182D5917C63B9C0029E3FE /* FirstViewController.h */ = {isa = PBXFileReference; lastKnownFileType = sourcecode.c.h; path = FirstViewController.h; sourceTree = "<group>"; };
		8A182D5A17C63B9C0029E3FE /* FirstViewController.m */ = {isa = PBXFileReference; lastKnownFileType = sourcecode.c.objc; path = FirstViewController.m; sourceTree = "<group>"; };
		8A182D5C17C63B9C0029E3FE /* first.png */ = {isa = PBXFileReference; lastKnownFileType = image.png; path = first.png; sourceTree = "<group>"; };
		8A182D5E17C63B9C0029E3FE /* first@2x.png */ = {isa = PBXFileReference; lastKnownFileType = image.png; path = "first@2x.png"; sourceTree = "<group>"; };
		8A182D6317C63B9C0029E3FE /* second.png */ = {isa = PBXFileReference; lastKnownFileType = image.png; path = second.png; sourceTree = "<group>"; };
		8A182D6517C63B9C0029E3FE /* second@2x.png */ = {isa = PBXFileReference; lastKnownFileType = image.png; path = "second@2x.png"; sourceTree = "<group>"; };
		8A182D6C17C63BD50029E3FE /* Indice.h */ = {isa = PBXFileReference; fileEncoding = 4; lastKnownFileType = sourcecode.c.h; path = Indice.h; sourceTree = "<group>"; };
		8A182D6D17C63BD50029E3FE /* Indice.m */ = {isa = PBXFileReference; fileEncoding = 4; lastKnownFileType = sourcecode.c.objc; path = Indice.m; sourceTree = "<group>"; };
		8A182D6F17C63E7F0029E3FE /* Cantico.h */ = {isa = PBXFileReference; fileEncoding = 4; lastKnownFileType = sourcecode.c.h; name = Cantico.h; path = ../Cantico.h; sourceTree = "<group>"; };
		8A182D7017C63E7F0029E3FE /* Cantico.m */ = {isa = PBXFileReference; fileEncoding = 4; lastKnownFileType = sourcecode.c.objc; name = Cantico.m; path = ../Cantico.m; sourceTree = "<group>"; };
		8A182D7317C66F480029E3FE /* c1.txt */ = {isa = PBXFileReference; fileEncoding = 4; lastKnownFileType = text; path = c1.txt; sourceTree = "<group>"; };
		8A182D7417C66F480029E3FE /* c2.txt */ = {isa = PBXFileReference; fileEncoding = 4; lastKnownFileType = text; path = c2.txt; sourceTree = "<group>"; };
		8A182D7517C66F480029E3FE /* c3.txt */ = {isa = PBXFileReference; fileEncoding = 4; lastKnownFileType = text; path = c3.txt; sourceTree = "<group>"; };
		8A182D7617C66F480029E3FE /* c4.txt */ = {isa = PBXFileReference; fileEncoding = 4; lastKnownFileType = text; path = c4.txt; sourceTree = "<group>"; };
		8A182D7717C66F480029E3FE /* c5.txt */ = {isa = PBXFileReference; fileEncoding = 4; lastKnownFileType = text; path = c5.txt; sourceTree = "<group>"; };
		8A182D7817C66F480029E3FE /* c6.txt */ = {isa = PBXFileReference; fileEncoding = 4; lastKnownFileType = text; path = c6.txt; sourceTree = "<group>"; };
		8A182D7917C66F480029E3FE /* c7.txt */ = {isa = PBXFileReference; fileEncoding = 4; lastKnownFileType = text; path = c7.txt; sourceTree = "<group>"; };
		8A182D7A17C66F480029E3FE /* c8.txt */ = {isa = PBXFileReference; fileEncoding = 4; lastKnownFileType = text; path = c8.txt; sourceTree = "<group>"; };
		8A182D7B17C66F480029E3FE /* c9.txt */ = {isa = PBXFileReference; fileEncoding = 4; lastKnownFileType = text; path = c9.txt; sourceTree = "<group>"; };
		8A182D7C17C66F480029E3FE /* c10.txt */ = {isa = PBXFileReference; fileEncoding = 4; lastKnownFileType = text; path = c10.txt; sourceTree = "<group>"; };
		8A182D7D17C66F480029E3FE /* c11.txt */ = {isa = PBXFileReference; fileEncoding = 4; lastKnownFileType = text; path = c11.txt; sourceTree = "<group>"; };
		8A182D7E17C66F480029E3FE /* c12.txt */ = {isa = PBXFileReference; fileEncoding = 4; lastKnownFileType = text; path = c12.txt; sourceTree = "<group>"; };
		8A182D7F17C66F480029E3FE /* c13.txt */ = {isa = PBXFileReference; fileEncoding = 4; lastKnownFileType = text; path = c13.txt; sourceTree = "<group>"; };
		8A182D8017C66F480029E3FE /* c14.txt */ = {isa = PBXFileReference; fileEncoding = 4; lastKnownFileType = text; path = c14.txt; sourceTree = "<group>"; };
		8A182D8117C66F480029E3FE /* c15.txt */ = {isa = PBXFileReference; fileEncoding = 4; lastKnownFileType = text; path = c15.txt; sourceTree = "<group>"; };
		8A182D8217C66F480029E3FE /* c16.txt */ = {isa = PBXFileReference; fileEncoding = 4; lastKnownFileType = text; path = c16.txt; sourceTree = "<group>"; };
		8A182D8317C66F480029E3FE /* c17.txt */ = {isa = PBXFileReference; fileEncoding = 4; lastKnownFileType = text; path = c17.txt; sourceTree = "<group>"; };
		8A182D8417C66F480029E3FE /* c18.txt */ = {isa = PBXFileReference; fileEncoding = 4; lastKnownFileType = text; path = c18.txt; sourceTree = "<group>"; };
		8A182D8517C66F480029E3FE /* c19.txt */ = {isa = PBXFileReference; fileEncoding = 4; lastKnownFileType = text; path = c19.txt; sourceTree = "<group>"; };
		8A182D8617C66F480029E3FE /* c20.txt */ = {isa = PBXFileReference; fileEncoding = 4; lastKnownFileType = text; path = c20.txt; sourceTree = "<group>"; };
		8A182D8717C66F480029E3FE /* c21.txt */ = {isa = PBXFileReference; fileEncoding = 4; lastKnownFileType = text; path = c21.txt; sourceTree = "<group>"; };
		8A182D8817C66F480029E3FE /* c22.txt */ = {isa = PBXFileReference; fileEncoding = 4; lastKnownFileType = text; path = c22.txt; sourceTree = "<group>"; };
		8A182D8917C66F480029E3FE /* c23.txt */ = {isa = PBXFileReference; fileEncoding = 4; lastKnownFileType = text; path = c23.txt; sourceTree = "<group>"; };
		8A182D8A17C66F480029E3FE /* c24.txt */ = {isa = PBXFileReference; fileEncoding = 4; lastKnownFileType = text; path = c24.txt; sourceTree = "<group>"; };
		8A182D8B17C66F480029E3FE /* c25.txt */ = {isa = PBXFileReference; fileEncoding = 4; lastKnownFileType = text; path = c25.txt; sourceTree = "<group>"; };
		8A182D8C17C66F480029E3FE /* c26.txt */ = {isa = PBXFileReference; fileEncoding = 4; lastKnownFileType = text; path = c26.txt; sourceTree = "<group>"; };
		8A182D8D17C66F480029E3FE /* c27.txt */ = {isa = PBXFileReference; fileEncoding = 4; lastKnownFileType = text; path = c27.txt; sourceTree = "<group>"; };
		8A182D8E17C66F480029E3FE /* c28.txt */ = {isa = PBXFileReference; fileEncoding = 4; lastKnownFileType = text; path = c28.txt; sourceTree = "<group>"; };
		8A182D8F17C66F480029E3FE /* c29.txt */ = {isa = PBXFileReference; fileEncoding = 4; lastKnownFileType = text; path = c29.txt; sourceTree = "<group>"; };
		8A182D9017C66F480029E3FE /* c30.txt */ = {isa = PBXFileReference; fileEncoding = 4; lastKnownFileType = text; path = c30.txt; sourceTree = "<group>"; };
		8A182D9117C66F480029E3FE /* c31.txt */ = {isa = PBXFileReference; fileEncoding = 4; lastKnownFileType = text; path = c31.txt; sourceTree = "<group>"; };
		8A182D9217C66F480029E3FE /* c32.txt */ = {isa = PBXFileReference; fileEncoding = 4; lastKnownFileType = text; path = c32.txt; sourceTree = "<group>"; };
		8A182D9317C66F480029E3FE /* c33.txt */ = {isa = PBXFileReference; fileEncoding = 4; lastKnownFileType = text; path = c33.txt; sourceTree = "<group>"; };
		8A182D9417C66F480029E3FE /* c34.txt */ = {isa = PBXFileReference; fileEncoding = 4; lastKnownFileType = text; path = c34.txt; sourceTree = "<group>"; };
		8A182D9517C66F480029E3FE /* c35.txt */ = {isa = PBXFileReference; fileEncoding = 4; lastKnownFileType = text; path = c35.txt; sourceTree = "<group>"; };
		8A182D9617C66F480029E3FE /* c36.txt */ = {isa = PBXFileReference; fileEncoding = 4; lastKnownFileType = text; path = c36.txt; sourceTree = "<group>"; };
		8A182D9717C66F480029E3FE /* c37.txt */ = {isa = PBXFileReference; fileEncoding = 4; lastKnownFileType = text; path = c37.txt; sourceTree = "<group>"; };
		8A182D9817C66F480029E3FE /* c38.txt */ = {isa = PBXFileReference; fileEncoding = 4; lastKnownFileType = text; path = c38.txt; sourceTree = "<group>"; };
		8A182D9917C66F480029E3FE /* c39.txt */ = {isa = PBXFileReference; fileEncoding = 4; lastKnownFileType = text; path = c39.txt; sourceTree = "<group>"; };
		8A182D9A17C66F480029E3FE /* c40.txt */ = {isa = PBXFileReference; fileEncoding = 4; lastKnownFileType = text; path = c40.txt; sourceTree = "<group>"; };
		8A182D9B17C66F480029E3FE /* c41.txt */ = {isa = PBXFileReference; fileEncoding = 4; lastKnownFileType = text; path = c41.txt; sourceTree = "<group>"; };
		8A182D9C17C66F480029E3FE /* c42.txt */ = {isa = PBXFileReference; fileEncoding = 4; lastKnownFileType = text; path = c42.txt; sourceTree = "<group>"; };
		8A182D9D17C66F480029E3FE /* c43.txt */ = {isa = PBXFileReference; fileEncoding = 4; lastKnownFileType = text; path = c43.txt; sourceTree = "<group>"; };
		8A182D9E17C66F480029E3FE /* c44.txt */ = {isa = PBXFileReference; fileEncoding = 4; lastKnownFileType = text; path = c44.txt; sourceTree = "<group>"; };
		8A182D9F17C66F480029E3FE /* c45.txt */ = {isa = PBXFileReference; fileEncoding = 4; lastKnownFileType = text; path = c45.txt; sourceTree = "<group>"; };
		8A182DA017C66F480029E3FE /* c46.txt */ = {isa = PBXFileReference; fileEncoding = 4; lastKnownFileType = text; path = c46.txt; sourceTree = "<group>"; };
		8A182DA117C66F480029E3FE /* c47.txt */ = {isa = PBXFileReference; fileEncoding = 4; lastKnownFileType = text; path = c47.txt; sourceTree = "<group>"; };
		8A182DA217C66F480029E3FE /* c48.txt */ = {isa = PBXFileReference; fileEncoding = 4; lastKnownFileType = text; path = c48.txt; sourceTree = "<group>"; };
		8A182DA317C66F480029E3FE /* c49.txt */ = {isa = PBXFileReference; fileEncoding = 4; lastKnownFileType = text; path = c49.txt; sourceTree = "<group>"; };
		8A182DA417C66F480029E3FE /* c50.txt */ = {isa = PBXFileReference; fileEncoding = 4; lastKnownFileType = text; path = c50.txt; sourceTree = "<group>"; };
		8A182DA517C66F480029E3FE /* c51.txt */ = {isa = PBXFileReference; fileEncoding = 4; lastKnownFileType = text; path = c51.txt; sourceTree = "<group>"; };
		8A182DA617C66F480029E3FE /* c52.txt */ = {isa = PBXFileReference; fileEncoding = 4; lastKnownFileType = text; path = c52.txt; sourceTree = "<group>"; };
		8A182DA717C66F480029E3FE /* c53.txt */ = {isa = PBXFileReference; fileEncoding = 4; lastKnownFileType = text; path = c53.txt; sourceTree = "<group>"; };
		8A182DA817C66F480029E3FE /* c54.txt */ = {isa = PBXFileReference; fileEncoding = 4; lastKnownFileType = text; path = c54.txt; sourceTree = "<group>"; };
		8A182DA917C66F480029E3FE /* c55.txt */ = {isa = PBXFileReference; fileEncoding = 4; lastKnownFileType = text; path = c55.txt; sourceTree = "<group>"; };
		8A182DAA17C66F480029E3FE /* c56.txt */ = {isa = PBXFileReference; fileEncoding = 4; lastKnownFileType = text; path = c56.txt; sourceTree = "<group>"; };
		8A182DAB17C66F480029E3FE /* c57.txt */ = {isa = PBXFileReference; fileEncoding = 4; lastKnownFileType = text; path = c57.txt; sourceTree = "<group>"; };
		8A182DAC17C66F480029E3FE /* c58.txt */ = {isa = PBXFileReference; fileEncoding = 4; lastKnownFileType = text; path = c58.txt; sourceTree = "<group>"; };
		8A182DAD17C66F480029E3FE /* c59.txt */ = {isa = PBXFileReference; fileEncoding = 4; lastKnownFileType = text; path = c59.txt; sourceTree = "<group>"; };
		8A182DAE17C66F480029E3FE /* c60.txt */ = {isa = PBXFileReference; fileEncoding = 4; lastKnownFileType = text; path = c60.txt; sourceTree = "<group>"; };
		8A182DAF17C66F480029E3FE /* c61.txt */ = {isa = PBXFileReference; fileEncoding = 4; lastKnownFileType = text; path = c61.txt; sourceTree = "<group>"; };
		8A182DB017C66F480029E3FE /* c62.txt */ = {isa = PBXFileReference; fileEncoding = 4; lastKnownFileType = text; path = c62.txt; sourceTree = "<group>"; };
		8A182DB117C66F480029E3FE /* c63.txt */ = {isa = PBXFileReference; fileEncoding = 4; lastKnownFileType = text; path = c63.txt; sourceTree = "<group>"; };
		8A182DB217C66F480029E3FE /* c64.txt */ = {isa = PBXFileReference; fileEncoding = 4; lastKnownFileType = text; path = c64.txt; sourceTree = "<group>"; };
		8A182DB317C66F480029E3FE /* c65.txt */ = {isa = PBXFileReference; fileEncoding = 4; lastKnownFileType = text; path = c65.txt; sourceTree = "<group>"; };
		8A182DB417C66F480029E3FE /* c66.txt */ = {isa = PBXFileReference; fileEncoding = 4; lastKnownFileType = text; path = c66.txt; sourceTree = "<group>"; };
		8A182DB517C66F480029E3FE /* c67.txt */ = {isa = PBXFileReference; fileEncoding = 4; lastKnownFileType = text; path = c67.txt; sourceTree = "<group>"; };
		8A182DB617C66F480029E3FE /* c68.txt */ = {isa = PBXFileReference; fileEncoding = 4; lastKnownFileType = text; path = c68.txt; sourceTree = "<group>"; };
		8A182DB717C66F480029E3FE /* c69.txt */ = {isa = PBXFileReference; fileEncoding = 4; lastKnownFileType = text; path = c69.txt; sourceTree = "<group>"; };
		8A182DB817C66F480029E3FE /* c70.txt */ = {isa = PBXFileReference; fileEncoding = 4; lastKnownFileType = text; path = c70.txt; sourceTree = "<group>"; };
		8A182DB917C66F480029E3FE /* c71.txt */ = {isa = PBXFileReference; fileEncoding = 4; lastKnownFileType = text; path = c71.txt; sourceTree = "<group>"; };
		8A182DBA17C66F480029E3FE /* c72.txt */ = {isa = PBXFileReference; fileEncoding = 4; lastKnownFileType = text; path = c72.txt; sourceTree = "<group>"; };
		8A182DBB17C66F480029E3FE /* c73.txt */ = {isa = PBXFileReference; fileEncoding = 4; lastKnownFileType = text; path = c73.txt; sourceTree = "<group>"; };
		8A182DBC17C66F480029E3FE /* c74.txt */ = {isa = PBXFileReference; fileEncoding = 4; lastKnownFileType = text; path = c74.txt; sourceTree = "<group>"; };
		8A182DBD17C66F480029E3FE /* c75.txt */ = {isa = PBXFileReference; fileEncoding = 4; lastKnownFileType = text; path = c75.txt; sourceTree = "<group>"; };
		8A182DBE17C66F480029E3FE /* c76.txt */ = {isa = PBXFileReference; fileEncoding = 4; lastKnownFileType = text; path = c76.txt; sourceTree = "<group>"; };
		8A182DBF17C66F480029E3FE /* c77.txt */ = {isa = PBXFileReference; fileEncoding = 4; lastKnownFileType = text; path = c77.txt; sourceTree = "<group>"; };
		8A182DC017C66F480029E3FE /* c78.txt */ = {isa = PBXFileReference; fileEncoding = 4; lastKnownFileType = text; path = c78.txt; sourceTree = "<group>"; };
		8A182DC117C66F480029E3FE /* c79.txt */ = {isa = PBXFileReference; fileEncoding = 4; lastKnownFileType = text; path = c79.txt; sourceTree = "<group>"; };
		8A182DC217C66F480029E3FE /* c80.txt */ = {isa = PBXFileReference; fileEncoding = 4; lastKnownFileType = text; path = c80.txt; sourceTree = "<group>"; };
		8A182DC317C66F480029E3FE /* c81.txt */ = {isa = PBXFileReference; fileEncoding = 4; lastKnownFileType = text; path = c81.txt; sourceTree = "<group>"; };
		8A182DC417C66F480029E3FE /* c82.txt */ = {isa = PBXFileReference; fileEncoding = 4; lastKnownFileType = text; path = c82.txt; sourceTree = "<group>"; };
		8A182DC517C66F480029E3FE /* c83.txt */ = {isa = PBXFileReference; fileEncoding = 4; lastKnownFileType = text; path = c83.txt; sourceTree = "<group>"; };
		8A182DC617C66F480029E3FE /* c84.txt */ = {isa = PBXFileReference; fileEncoding = 4; lastKnownFileType = text; path = c84.txt; sourceTree = "<group>"; };
		8A182DC717C66F480029E3FE /* c85.txt */ = {isa = PBXFileReference; fileEncoding = 4; lastKnownFileType = text; path = c85.txt; sourceTree = "<group>"; };
		8A182DC817C66F480029E3FE /* c86.txt */ = {isa = PBXFileReference; fileEncoding = 4; lastKnownFileType = text; path = c86.txt; sourceTree = "<group>"; };
		8A182DC917C66F480029E3FE /* c87.txt */ = {isa = PBXFileReference; fileEncoding = 4; lastKnownFileType = text; path = c87.txt; sourceTree = "<group>"; };
		8A182DCA17C66F480029E3FE /* c88.txt */ = {isa = PBXFileReference; fileEncoding = 4; lastKnownFileType = text; path = c88.txt; sourceTree = "<group>"; };
		8A182DCB17C66F480029E3FE /* c89.txt */ = {isa = PBXFileReference; fileEncoding = 4; lastKnownFileType = text; path = c89.txt; sourceTree = "<group>"; };
		8A182DCC17C66F480029E3FE /* c90.txt */ = {isa = PBXFileReference; fileEncoding = 4; lastKnownFileType = text; path = c90.txt; sourceTree = "<group>"; };
		8A182DCD17C66F480029E3FE /* c91.txt */ = {isa = PBXFileReference; fileEncoding = 4; lastKnownFileType = text; path = c91.txt; sourceTree = "<group>"; };
		8A182DCE17C66F480029E3FE /* c92.txt */ = {isa = PBXFileReference; fileEncoding = 4; lastKnownFileType = text; path = c92.txt; sourceTree = "<group>"; };
		8A182DCF17C66F480029E3FE /* c93.txt */ = {isa = PBXFileReference; fileEncoding = 4; lastKnownFileType = text; path = c93.txt; sourceTree = "<group>"; };
		8A182DD017C66F480029E3FE /* c94.txt */ = {isa = PBXFileReference; fileEncoding = 4; lastKnownFileType = text; path = c94.txt; sourceTree = "<group>"; };
		8A182DD117C66F480029E3FE /* c95.txt */ = {isa = PBXFileReference; fileEncoding = 4; lastKnownFileType = text; path = c95.txt; sourceTree = "<group>"; };
		8A182DD217C66F480029E3FE /* c96.txt */ = {isa = PBXFileReference; fileEncoding = 4; lastKnownFileType = text; path = c96.txt; sourceTree = "<group>"; };
		8A182DD317C66F480029E3FE /* c97.txt */ = {isa = PBXFileReference; fileEncoding = 4; lastKnownFileType = text; path = c97.txt; sourceTree = "<group>"; };
		8A182DD417C66F480029E3FE /* c98.txt */ = {isa = PBXFileReference; fileEncoding = 4; lastKnownFileType = text; path = c98.txt; sourceTree = "<group>"; };
		8A182DD517C66F480029E3FE /* c99.txt */ = {isa = PBXFileReference; fileEncoding = 4; lastKnownFileType = text; path = c99.txt; sourceTree = "<group>"; };
		8A182DD617C66F480029E3FE /* c100.txt */ = {isa = PBXFileReference; fileEncoding = 4; lastKnownFileType = text; path = c100.txt; sourceTree = "<group>"; };
		8A182DD717C66F480029E3FE /* c101.txt */ = {isa = PBXFileReference; fileEncoding = 4; lastKnownFileType = text; path = c101.txt; sourceTree = "<group>"; };
		8A182DD817C66F480029E3FE /* c102.txt */ = {isa = PBXFileReference; fileEncoding = 4; lastKnownFileType = text; path = c102.txt; sourceTree = "<group>"; };
		8A182DD917C66F480029E3FE /* c103.txt */ = {isa = PBXFileReference; fileEncoding = 4; lastKnownFileType = text; path = c103.txt; sourceTree = "<group>"; };
		8A182DDA17C66F480029E3FE /* c104.txt */ = {isa = PBXFileReference; fileEncoding = 4; lastKnownFileType = text; path = c104.txt; sourceTree = "<group>"; };
		8A182DDB17C66F480029E3FE /* c105.txt */ = {isa = PBXFileReference; fileEncoding = 4; lastKnownFileType = text; path = c105.txt; sourceTree = "<group>"; };
		8A182DDC17C66F480029E3FE /* c106.txt */ = {isa = PBXFileReference; fileEncoding = 4; lastKnownFileType = text; path = c106.txt; sourceTree = "<group>"; };
		8A182DDD17C66F480029E3FE /* c107.txt */ = {isa = PBXFileReference; fileEncoding = 4; lastKnownFileType = text; path = c107.txt; sourceTree = "<group>"; };
		8A182DDE17C66F480029E3FE /* c108.txt */ = {isa = PBXFileReference; fileEncoding = 4; lastKnownFileType = text; path = c108.txt; sourceTree = "<group>"; };
		8A182DDF17C66F480029E3FE /* c109.txt */ = {isa = PBXFileReference; fileEncoding = 4; lastKnownFileType = text; path = c109.txt; sourceTree = "<group>"; };
		8A182DE017C66F480029E3FE /* c110.txt */ = {isa = PBXFileReference; fileEncoding = 4; lastKnownFileType = text; path = c110.txt; sourceTree = "<group>"; };
		8A182DE117C66F480029E3FE /* c111.txt */ = {isa = PBXFileReference; fileEncoding = 4; lastKnownFileType = text; path = c111.txt; sourceTree = "<group>"; };
		8A182DE217C66F480029E3FE /* c112.txt */ = {isa = PBXFileReference; fileEncoding = 4; lastKnownFileType = text; path = c112.txt; sourceTree = "<group>"; };
		8A182DE317C66F480029E3FE /* c113.txt */ = {isa = PBXFileReference; fileEncoding = 4; lastKnownFileType = text; path = c113.txt; sourceTree = "<group>"; };
		8A182DE417C66F480029E3FE /* c114.txt */ = {isa = PBXFileReference; fileEncoding = 4; lastKnownFileType = text; path = c114.txt; sourceTree = "<group>"; };
		8A182DE517C66F480029E3FE /* c115.txt */ = {isa = PBXFileReference; fileEncoding = 4; lastKnownFileType = text; path = c115.txt; sourceTree = "<group>"; };
		8A182DE617C66F480029E3FE /* c116.txt */ = {isa = PBXFileReference; fileEncoding = 4; lastKnownFileType = text; path = c116.txt; sourceTree = "<group>"; };
		8A182DE717C66F480029E3FE /* c117.txt */ = {isa = PBXFileReference; fileEncoding = 4; lastKnownFileType = text; path = c117.txt; sourceTree = "<group>"; };
		8A182DE817C66F480029E3FE /* c118.txt */ = {isa = PBXFileReference; fileEncoding = 4; lastKnownFileType = text; path = c118.txt; sourceTree = "<group>"; };
		8A182DE917C66F480029E3FE /* c119.txt */ = {isa = PBXFileReference; fileEncoding = 4; lastKnownFileType = text; path = c119.txt; sourceTree = "<group>"; };
		8A182DEA17C66F480029E3FE /* c120.txt */ = {isa = PBXFileReference; fileEncoding = 4; lastKnownFileType = text; path = c120.txt; sourceTree = "<group>"; };
		8A182DEB17C66F480029E3FE /* c121.txt */ = {isa = PBXFileReference; fileEncoding = 4; lastKnownFileType = text; path = c121.txt; sourceTree = "<group>"; };
		8A182DEC17C66F480029E3FE /* c122.txt */ = {isa = PBXFileReference; fileEncoding = 4; lastKnownFileType = text; path = c122.txt; sourceTree = "<group>"; };
		8A182DED17C66F480029E3FE /* c123.txt */ = {isa = PBXFileReference; fileEncoding = 4; lastKnownFileType = text; path = c123.txt; sourceTree = "<group>"; };
		8A182DEE17C66F480029E3FE /* c124.txt */ = {isa = PBXFileReference; fileEncoding = 4; lastKnownFileType = text; path = c124.txt; sourceTree = "<group>"; };
		8A182DEF17C66F480029E3FE /* c125.txt */ = {isa = PBXFileReference; fileEncoding = 4; lastKnownFileType = text; path = c125.txt; sourceTree = "<group>"; };
		8A182DF017C66F480029E3FE /* c126.txt */ = {isa = PBXFileReference; fileEncoding = 4; lastKnownFileType = text; path = c126.txt; sourceTree = "<group>"; };
		8A182DF117C66F480029E3FE /* c127.txt */ = {isa = PBXFileReference; fileEncoding = 4; lastKnownFileType = text; path = c127.txt; sourceTree = "<group>"; };
		8A182DF217C66F480029E3FE /* c128.txt */ = {isa = PBXFileReference; fileEncoding = 4; lastKnownFileType = text; path = c128.txt; sourceTree = "<group>"; };
		8A182DF317C66F480029E3FE /* c129.txt */ = {isa = PBXFileReference; fileEncoding = 4; lastKnownFileType = text; path = c129.txt; sourceTree = "<group>"; };
		8A182DF417C66F480029E3FE /* c130.txt */ = {isa = PBXFileReference; fileEncoding = 4; lastKnownFileType = text; path = c130.txt; sourceTree = "<group>"; };
		8A182DF517C66F480029E3FE /* c131.txt */ = {isa = PBXFileReference; fileEncoding = 4; lastKnownFileType = text; path = c131.txt; sourceTree = "<group>"; };
		8A182DF617C66F480029E3FE /* c132.txt */ = {isa = PBXFileReference; fileEncoding = 4; lastKnownFileType = text; path = c132.txt; sourceTree = "<group>"; };
		8A182DF717C66F480029E3FE /* c133.txt */ = {isa = PBXFileReference; fileEncoding = 4; lastKnownFileType = text; path = c133.txt; sourceTree = "<group>"; };
		8A182DF817C66F480029E3FE /* c134.txt */ = {isa = PBXFileReference; fileEncoding = 4; lastKnownFileType = text; path = c134.txt; sourceTree = "<group>"; };
		8A182DF917C66F480029E3FE /* c135.txt */ = {isa = PBXFileReference; fileEncoding = 4; lastKnownFileType = text; path = c135.txt; sourceTree = "<group>"; };
		8A182DFA17C66F480029E3FE /* c136.txt */ = {isa = PBXFileReference; fileEncoding = 4; lastKnownFileType = text; path = c136.txt; sourceTree = "<group>"; };
		8A182DFB17C66F480029E3FE /* c137.txt */ = {isa = PBXFileReference; fileEncoding = 4; lastKnownFileType = text; path = c137.txt; sourceTree = "<group>"; };
		8A182DFC17C66F480029E3FE /* c138.txt */ = {isa = PBXFileReference; fileEncoding = 4; lastKnownFileType = text; path = c138.txt; sourceTree = "<group>"; };
		8A182DFD17C66F480029E3FE /* c139.txt */ = {isa = PBXFileReference; fileEncoding = 4; lastKnownFileType = text; path = c139.txt; sourceTree = "<group>"; };
		8A182DFE17C66F480029E3FE /* c140.txt */ = {isa = PBXFileReference; fileEncoding = 4; lastKnownFileType = text; path = c140.txt; sourceTree = "<group>"; };
		8A182DFF17C66F480029E3FE /* c141.txt */ = {isa = PBXFileReference; fileEncoding = 4; lastKnownFileType = text; path = c141.txt; sourceTree = "<group>"; };
		8A182E0017C66F480029E3FE /* c142.txt */ = {isa = PBXFileReference; fileEncoding = 4; lastKnownFileType = text; path = c142.txt; sourceTree = "<group>"; };
		8A182E0117C66F480029E3FE /* c143.txt */ = {isa = PBXFileReference; fileEncoding = 4; lastKnownFileType = text; path = c143.txt; sourceTree = "<group>"; };
		8A182E0217C66F480029E3FE /* c144.txt */ = {isa = PBXFileReference; fileEncoding = 4; lastKnownFileType = text; path = c144.txt; sourceTree = "<group>"; };
		8A182E0317C66F480029E3FE /* c145.txt */ = {isa = PBXFileReference; fileEncoding = 4; lastKnownFileType = text; path = c145.txt; sourceTree = "<group>"; };
		8A182E0417C66F480029E3FE /* c146.txt */ = {isa = PBXFileReference; fileEncoding = 4; lastKnownFileType = text; path = c146.txt; sourceTree = "<group>"; };
		8A182E0517C66F480029E3FE /* c147.txt */ = {isa = PBXFileReference; fileEncoding = 4; lastKnownFileType = text; path = c147.txt; sourceTree = "<group>"; };
		8A182E0617C66F480029E3FE /* c148.txt */ = {isa = PBXFileReference; fileEncoding = 4; lastKnownFileType = text; path = c148.txt; sourceTree = "<group>"; };
		8A182E0717C66F480029E3FE /* c149.txt */ = {isa = PBXFileReference; fileEncoding = 4; lastKnownFileType = text; path = c149.txt; sourceTree = "<group>"; };
		8A182E0817C66F480029E3FE /* c150.txt */ = {isa = PBXFileReference; fileEncoding = 4; lastKnownFileType = text; path = c150.txt; sourceTree = "<group>"; };
		8A182E0917C66F480029E3FE /* indice.txt */ = {isa = PBXFileReference; fileEncoding = 4; lastKnownFileType = text; path = indice.txt; sourceTree = "<group>"; };
/* End PBXFileReference section */

/* Begin PBXFrameworksBuildPhase section */
		8A182D3817C63B9C0029E3FE /* Frameworks */ = {
			isa = PBXFrameworksBuildPhase;
			buildActionMask = 2147483647;
			files = (
				8A182D3F17C63B9C0029E3FE /* UIKit.framework in Frameworks */,
				8A182D4117C63B9C0029E3FE /* Foundation.framework in Frameworks */,
				8A182D4317C63B9C0029E3FE /* CoreGraphics.framework in Frameworks */,
			);
			runOnlyForDeploymentPostprocessing = 0;
		};
/* End PBXFrameworksBuildPhase section */

/* Begin PBXGroup section */
		8A182D3217C63B9C0029E3FE = {
			isa = PBXGroup;
			children = (
				8A182D4417C63B9C0029E3FE /* LivroDeCanticos */,
				8A182D3D17C63B9C0029E3FE /* Frameworks */,
				8A182D3C17C63B9C0029E3FE /* Products */,
			);
			sourceTree = "<group>";
		};
		8A182D3C17C63B9C0029E3FE /* Products */ = {
			isa = PBXGroup;
			children = (
				8A182D3B17C63B9C0029E3FE /* LivroDeCanticos.app */,
			);
			name = Products;
			sourceTree = "<group>";
		};
		8A182D3D17C63B9C0029E3FE /* Frameworks */ = {
			isa = PBXGroup;
			children = (
				8A182D3E17C63B9C0029E3FE /* UIKit.framework */,
				8A182D4017C63B9C0029E3FE /* Foundation.framework */,
				8A182D4217C63B9C0029E3FE /* CoreGraphics.framework */,
			);
			name = Frameworks;
			sourceTree = "<group>";
		};
		8A182D4417C63B9C0029E3FE /* LivroDeCanticos */ = {
			isa = PBXGroup;
			children = (
				8A182D4D17C63B9C0029E3FE /* AppDelegate.h */,
				8A182D4E17C63B9C0029E3FE /* AppDelegate.m */,
				8A182D5617C63B9C0029E3FE /* MainStoryboard.storyboard */,
				8A182D5917C63B9C0029E3FE /* FirstViewController.h */,
				8A182D5A17C63B9C0029E3FE /* FirstViewController.m */,
				8A182D5C17C63B9C0029E3FE /* first.png */,
				8A182D5E17C63B9C0029E3FE /* first@2x.png */,
				8A182D6C17C63BD50029E3FE /* Indice.h */,
				8A182D6D17C63BD50029E3FE /* Indice.m */,
				8A182D6317C63B9C0029E3FE /* second.png */,
				8A182D6517C63B9C0029E3FE /* second@2x.png */,
				8A182D6F17C63E7F0029E3FE /* Cantico.h */,
				8A182D7017C63E7F0029E3FE /* Cantico.m */,
				8A182D4517C63B9C0029E3FE /* Supporting Files */,
			);
			path = LivroDeCanticos;
			sourceTree = "<group>";
		};
		8A182D4517C63B9C0029E3FE /* Supporting Files */ = {
			isa = PBXGroup;
			children = (
				8A182D7217C66EB60029E3FE /* Canticos */,
				8A182D4617C63B9C0029E3FE /* LivroDeCanticos-Info.plist */,
				8A182D4717C63B9C0029E3FE /* InfoPlist.strings */,
				8A182D4A17C63B9C0029E3FE /* main.m */,
				8A182D4C17C63B9C0029E3FE /* LivroDeCanticos-Prefix.pch */,
				8A182D5017C63B9C0029E3FE /* Default.png */,
				8A182D5217C63B9C0029E3FE /* Default@2x.png */,
				8A182D5417C63B9C0029E3FE /* Default-568h@2x.png */,
			);
			name = "Supporting Files";
			sourceTree = "<group>";
		};
		8A182D7217C66EB60029E3FE /* Canticos */ = {
			isa = PBXGroup;
			children = (
				8A182D7317C66F480029E3FE /* c1.txt */,
				8A182D7417C66F480029E3FE /* c2.txt */,
				8A182D7517C66F480029E3FE /* c3.txt */,
				8A182D7617C66F480029E3FE /* c4.txt */,
				8A182D7717C66F480029E3FE /* c5.txt */,
				8A182D7817C66F480029E3FE /* c6.txt */,
				8A182D7917C66F480029E3FE /* c7.txt */,
				8A182D7A17C66F480029E3FE /* c8.txt */,
				8A182D7B17C66F480029E3FE /* c9.txt */,
				8A182D7C17C66F480029E3FE /* c10.txt */,
				8A182D7D17C66F480029E3FE /* c11.txt */,
				8A182D7E17C66F480029E3FE /* c12.txt */,
				8A182D7F17C66F480029E3FE /* c13.txt */,
				8A182D8017C66F480029E3FE /* c14.txt */,
				8A182D8117C66F480029E3FE /* c15.txt */,
				8A182D8217C66F480029E3FE /* c16.txt */,
				8A182D8317C66F480029E3FE /* c17.txt */,
				8A182D8417C66F480029E3FE /* c18.txt */,
				8A182D8517C66F480029E3FE /* c19.txt */,
				8A182D8617C66F480029E3FE /* c20.txt */,
				8A182D8717C66F480029E3FE /* c21.txt */,
				8A182D8817C66F480029E3FE /* c22.txt */,
				8A182D8917C66F480029E3FE /* c23.txt */,
				8A182D8A17C66F480029E3FE /* c24.txt */,
				8A182D8B17C66F480029E3FE /* c25.txt */,
				8A182D8C17C66F480029E3FE /* c26.txt */,
				8A182D8D17C66F480029E3FE /* c27.txt */,
				8A182D8E17C66F480029E3FE /* c28.txt */,
				8A182D8F17C66F480029E3FE /* c29.txt */,
				8A182D9017C66F480029E3FE /* c30.txt */,
				8A182D9117C66F480029E3FE /* c31.txt */,
				8A182D9217C66F480029E3FE /* c32.txt */,
				8A182D9317C66F480029E3FE /* c33.txt */,
				8A182D9417C66F480029E3FE /* c34.txt */,
				8A182D9517C66F480029E3FE /* c35.txt */,
				8A182D9617C66F480029E3FE /* c36.txt */,
				8A182D9717C66F480029E3FE /* c37.txt */,
				8A182D9817C66F480029E3FE /* c38.txt */,
				8A182D9917C66F480029E3FE /* c39.txt */,
				8A182D9A17C66F480029E3FE /* c40.txt */,
				8A182D9B17C66F480029E3FE /* c41.txt */,
				8A182D9C17C66F480029E3FE /* c42.txt */,
				8A182D9D17C66F480029E3FE /* c43.txt */,
				8A182D9E17C66F480029E3FE /* c44.txt */,
				8A182D9F17C66F480029E3FE /* c45.txt */,
				8A182DA017C66F480029E3FE /* c46.txt */,
				8A182DA117C66F480029E3FE /* c47.txt */,
				8A182DA217C66F480029E3FE /* c48.txt */,
				8A182DA317C66F480029E3FE /* c49.txt */,
				8A182DA417C66F480029E3FE /* c50.txt */,
				8A182DA517C66F480029E3FE /* c51.txt */,
				8A182DA617C66F480029E3FE /* c52.txt */,
				8A182DA717C66F480029E3FE /* c53.txt */,
				8A182DA817C66F480029E3FE /* c54.txt */,
				8A182DA917C66F480029E3FE /* c55.txt */,
				8A182DAA17C66F480029E3FE /* c56.txt */,
				8A182DAB17C66F480029E3FE /* c57.txt */,
				8A182DAC17C66F480029E3FE /* c58.txt */,
				8A182DAD17C66F480029E3FE /* c59.txt */,
				8A182DAE17C66F480029E3FE /* c60.txt */,
				8A182DAF17C66F480029E3FE /* c61.txt */,
				8A182DB017C66F480029E3FE /* c62.txt */,
				8A182DB117C66F480029E3FE /* c63.txt */,
				8A182DB217C66F480029E3FE /* c64.txt */,
				8A182DB317C66F480029E3FE /* c65.txt */,
				8A182DB417C66F480029E3FE /* c66.txt */,
				8A182DB517C66F480029E3FE /* c67.txt */,
				8A182DB617C66F480029E3FE /* c68.txt */,
				8A182DB717C66F480029E3FE /* c69.txt */,
				8A182DB817C66F480029E3FE /* c70.txt */,
				8A182DB917C66F480029E3FE /* c71.txt */,
				8A182DBA17C66F480029E3FE /* c72.txt */,
				8A182DBB17C66F480029E3FE /* c73.txt */,
				8A182DBC17C66F480029E3FE /* c74.txt */,
				8A182DBD17C66F480029E3FE /* c75.txt */,
				8A182DBE17C66F480029E3FE /* c76.txt */,
				8A182DBF17C66F480029E3FE /* c77.txt */,
				8A182DC017C66F480029E3FE /* c78.txt */,
				8A182DC117C66F480029E3FE /* c79.txt */,
				8A182DC217C66F480029E3FE /* c80.txt */,
				8A182DC317C66F480029E3FE /* c81.txt */,
				8A182DC417C66F480029E3FE /* c82.txt */,
				8A182DC517C66F480029E3FE /* c83.txt */,
				8A182DC617C66F480029E3FE /* c84.txt */,
				8A182DC717C66F480029E3FE /* c85.txt */,
				8A182DC817C66F480029E3FE /* c86.txt */,
				8A182DC917C66F480029E3FE /* c87.txt */,
				8A182DCA17C66F480029E3FE /* c88.txt */,
				8A182DCB17C66F480029E3FE /* c89.txt */,
				8A182DCC17C66F480029E3FE /* c90.txt */,
				8A182DCD17C66F480029E3FE /* c91.txt */,
				8A182DCE17C66F480029E3FE /* c92.txt */,
				8A182DCF17C66F480029E3FE /* c93.txt */,
				8A182DD017C66F480029E3FE /* c94.txt */,
				8A182DD117C66F480029E3FE /* c95.txt */,
				8A182DD217C66F480029E3FE /* c96.txt */,
				8A182DD317C66F480029E3FE /* c97.txt */,
				8A182DD417C66F480029E3FE /* c98.txt */,
				8A182DD517C66F480029E3FE /* c99.txt */,
				8A182DD617C66F480029E3FE /* c100.txt */,
				8A182DD717C66F480029E3FE /* c101.txt */,
				8A182DD817C66F480029E3FE /* c102.txt */,
				8A182DD917C66F480029E3FE /* c103.txt */,
				8A182DDA17C66F480029E3FE /* c104.txt */,
				8A182DDB17C66F480029E3FE /* c105.txt */,
				8A182DDC17C66F480029E3FE /* c106.txt */,
				8A182DDD17C66F480029E3FE /* c107.txt */,
				8A182DDE17C66F480029E3FE /* c108.txt */,
				8A182DDF17C66F480029E3FE /* c109.txt */,
				8A182DE017C66F480029E3FE /* c110.txt */,
				8A182DE117C66F480029E3FE /* c111.txt */,
				8A182DE217C66F480029E3FE /* c112.txt */,
				8A182DE317C66F480029E3FE /* c113.txt */,
				8A182DE417C66F480029E3FE /* c114.txt */,
				8A182DE517C66F480029E3FE /* c115.txt */,
				8A182DE617C66F480029E3FE /* c116.txt */,
				8A182DE717C66F480029E3FE /* c117.txt */,
				8A182DE817C66F480029E3FE /* c118.txt */,
				8A182DE917C66F480029E3FE /* c119.txt */,
				8A182DEA17C66F480029E3FE /* c120.txt */,
				8A182DEB17C66F480029E3FE /* c121.txt */,
				8A182DEC17C66F480029E3FE /* c122.txt */,
				8A182DED17C66F480029E3FE /* c123.txt */,
				8A182DEE17C66F480029E3FE /* c124.txt */,
				8A182DEF17C66F480029E3FE /* c125.txt */,
				8A182DF017C66F480029E3FE /* c126.txt */,
				8A182DF117C66F480029E3FE /* c127.txt */,
				8A182DF217C66F480029E3FE /* c128.txt */,
				8A182DF317C66F480029E3FE /* c129.txt */,
				8A182DF417C66F480029E3FE /* c130.txt */,
				8A182DF517C66F480029E3FE /* c131.txt */,
				8A182DF617C66F480029E3FE /* c132.txt */,
				8A182DF717C66F480029E3FE /* c133.txt */,
				8A182DF817C66F480029E3FE /* c134.txt */,
				8A182DF917C66F480029E3FE /* c135.txt */,
				8A182DFA17C66F480029E3FE /* c136.txt */,
				8A182DFB17C66F480029E3FE /* c137.txt */,
				8A182DFC17C66F480029E3FE /* c138.txt */,
				8A182DFD17C66F480029E3FE /* c139.txt */,
				8A182DFE17C66F480029E3FE /* c140.txt */,
				8A182DFF17C66F480029E3FE /* c141.txt */,
				8A182E0017C66F480029E3FE /* c142.txt */,
				8A182E0117C66F480029E3FE /* c143.txt */,
				8A182E0217C66F480029E3FE /* c144.txt */,
				8A182E0317C66F480029E3FE /* c145.txt */,
				8A182E0417C66F480029E3FE /* c146.txt */,
				8A182E0517C66F480029E3FE /* c147.txt */,
				8A182E0617C66F480029E3FE /* c148.txt */,
				8A182E0717C66F480029E3FE /* c149.txt */,
				8A182E0817C66F480029E3FE /* c150.txt */,
				8A182E0917C66F480029E3FE /* indice.txt */,
			);
			name = Canticos;
			sourceTree = "<group>";
		};
/* End PBXGroup section */

/* Begin PBXNativeTarget section */
		8A182D3A17C63B9C0029E3FE /* LivroDeCanticos */ = {
			isa = PBXNativeTarget;
			buildConfigurationList = 8A182D6917C63B9C0029E3FE /* Build configuration list for PBXNativeTarget "LivroDeCanticos" */;
			buildPhases = (
				8A182D3717C63B9C0029E3FE /* Sources */,
				8A182D3817C63B9C0029E3FE /* Frameworks */,
				8A182D3917C63B9C0029E3FE /* Resources */,
			);
			buildRules = (
			);
			dependencies = (
			);
			name = LivroDeCanticos;
			productName = LivroDeCanticos;
			productReference = 8A182D3B17C63B9C0029E3FE /* LivroDeCanticos.app */;
			productType = "com.apple.product-type.application";
		};
/* End PBXNativeTarget section */

/* Begin PBXProject section */
		8A182D3317C63B9C0029E3FE /* Project object */ = {
			isa = PBXProject;
			attributes = {
				LastUpgradeCheck = 0460;
				ORGANIZATIONNAME = "Pedro Barroso";
			};
			buildConfigurationList = 8A182D3617C63B9C0029E3FE /* Build configuration list for PBXProject "LivroDeCanticos" */;
			compatibilityVersion = "Xcode 3.2";
			developmentRegion = English;
			hasScannedForEncodings = 0;
			knownRegions = (
				en,
			);
			mainGroup = 8A182D3217C63B9C0029E3FE;
			productRefGroup = 8A182D3C17C63B9C0029E3FE /* Products */;
			projectDirPath = "";
			projectRoot = "";
			targets = (
				8A182D3A17C63B9C0029E3FE /* LivroDeCanticos */,
			);
		};
/* End PBXProject section */

/* Begin PBXResourcesBuildPhase section */
		8A182D3917C63B9C0029E3FE /* Resources */ = {
			isa = PBXResourcesBuildPhase;
			buildActionMask = 2147483647;
			files = (
				8A182D4917C63B9C0029E3FE /* InfoPlist.strings in Resources */,
				8A182D5117C63B9C0029E3FE /* Default.png in Resources */,
				8A182D5317C63B9C0029E3FE /* Default@2x.png in Resources */,
				8A182D5517C63B9C0029E3FE /* Default-568h@2x.png in Resources */,
				8A182D5817C63B9C0029E3FE /* MainStoryboard.storyboard in Resources */,
				8A182D5D17C63B9C0029E3FE /* first.png in Resources */,
				8A182D5F17C63B9C0029E3FE /* first@2x.png in Resources */,
				8A182D6417C63B9C0029E3FE /* second.png in Resources */,
				8A182D6617C63B9C0029E3FE /* second@2x.png in Resources */,
				8A182E0A17C66F480029E3FE /* c1.txt in Resources */,
				8A182E0B17C66F480029E3FE /* c2.txt in Resources */,
				8A182E0C17C66F480029E3FE /* c3.txt in Resources */,
				8A182E0D17C66F480029E3FE /* c4.txt in Resources */,
				8A182E0E17C66F480029E3FE /* c5.txt in Resources */,
				8A182E0F17C66F480029E3FE /* c6.txt in Resources */,
				8A182E1017C66F480029E3FE /* c7.txt in Resources */,
				8A182E1117C66F480029E3FE /* c8.txt in Resources */,
				8A182E1217C66F480029E3FE /* c9.txt in Resources */,
				8A182E1317C66F480029E3FE /* c10.txt in Resources */,
				8A182E1417C66F480029E3FE /* c11.txt in Resources */,
				8A182E1517C66F480029E3FE /* c12.txt in Resources */,
				8A182E1617C66F480029E3FE /* c13.txt in Resources */,
				8A182E1717C66F480029E3FE /* c14.txt in Resources */,
				8A182E1817C66F480029E3FE /* c15.txt in Resources */,
				8A182E1917C66F480029E3FE /* c16.txt in Resources */,
				8A182E1A17C66F480029E3FE /* c17.txt in Resources */,
				8A182E1B17C66F480029E3FE /* c18.txt in Resources */,
				8A182E1C17C66F480029E3FE /* c19.txt in Resources */,
				8A182E1D17C66F480029E3FE /* c20.txt in Resources */,
				8A182E1E17C66F480029E3FE /* c21.txt in Resources */,
				8A182E1F17C66F480029E3FE /* c22.txt in Resources */,
				8A182E2017C66F480029E3FE /* c23.txt in Resources */,
				8A182E2117C66F480029E3FE /* c24.txt in Resources */,
				8A182E2217C66F480029E3FE /* c25.txt in Resources */,
				8A182E2317C66F480029E3FE /* c26.txt in Resources */,
				8A182E2417C66F480029E3FE /* c27.txt in Resources */,
				8A182E2517C66F480029E3FE /* c28.txt in Resources */,
				8A182E2617C66F480029E3FE /* c29.txt in Resources */,
				8A182E2717C66F480029E3FE /* c30.txt in Resources */,
				8A182E2817C66F480029E3FE /* c31.txt in Resources */,
				8A182E2917C66F480029E3FE /* c32.txt in Resources */,
				8A182E2A17C66F480029E3FE /* c33.txt in Resources */,
				8A182E2B17C66F480029E3FE /* c34.txt in Resources */,
				8A182E2C17C66F480029E3FE /* c35.txt in Resources */,
				8A182E2D17C66F480029E3FE /* c36.txt in Resources */,
				8A182E2E17C66F480029E3FE /* c37.txt in Resources */,
				8A182E2F17C66F480029E3FE /* c38.txt in Resources */,
				8A182E3017C66F480029E3FE /* c39.txt in Resources */,
				8A182E3117C66F480029E3FE /* c40.txt in Resources */,
				8A182E3217C66F480029E3FE /* c41.txt in Resources */,
				8A182E3317C66F480029E3FE /* c42.txt in Resources */,
				8A182E3417C66F480029E3FE /* c43.txt in Resources */,
				8A182E3517C66F480029E3FE /* c44.txt in Resources */,
				8A182E3617C66F480029E3FE /* c45.txt in Resources */,
				8A182E3717C66F480029E3FE /* c46.txt in Resources */,
				8A182E3817C66F480029E3FE /* c47.txt in Resources */,
				8A182E3917C66F480029E3FE /* c48.txt in Resources */,
				8A182E3A17C66F480029E3FE /* c49.txt in Resources */,
				8A182E3B17C66F480029E3FE /* c50.txt in Resources */,
				8A182E3C17C66F480029E3FE /* c51.txt in Resources */,
				8A182E3D17C66F480029E3FE /* c52.txt in Resources */,
				8A182E3E17C66F480029E3FE /* c53.txt in Resources */,
				8A182E3F17C66F480029E3FE /* c54.txt in Resources */,
				8A182E4017C66F480029E3FE /* c55.txt in Resources */,
				8A182E4117C66F480029E3FE /* c56.txt in Resources */,
				8A182E4217C66F480029E3FE /* c57.txt in Resources */,
				8A182E4317C66F480029E3FE /* c58.txt in Resources */,
				8A182E4417C66F480029E3FE /* c59.txt in Resources */,
				8A182E4517C66F480029E3FE /* c60.txt in Resources */,
				8A182E4617C66F480029E3FE /* c61.txt in Resources */,
				8A182E4717C66F480029E3FE /* c62.txt in Resources */,
				8A182E4817C66F480029E3FE /* c63.txt in Resources */,
				8A182E4917C66F480029E3FE /* c64.txt in Resources */,
				8A182E4A17C66F480029E3FE /* c65.txt in Resources */,
				8A182E4B17C66F480029E3FE /* c66.txt in Resources */,
				8A182E4C17C66F480029E3FE /* c67.txt in Resources */,
				8A182E4D17C66F480029E3FE /* c68.txt in Resources */,
				8A182E4E17C66F480029E3FE /* c69.txt in Resources */,
				8A182E4F17C66F480029E3FE /* c70.txt in Resources */,
				8A182E5017C66F480029E3FE /* c71.txt in Resources */,
				8A182E5117C66F480029E3FE /* c72.txt in Resources */,
				8A182E5217C66F480029E3FE /* c73.txt in Resources */,
				8A182E5317C66F480029E3FE /* c74.txt in Resources */,
				8A182E5417C66F480029E3FE /* c75.txt in Resources */,
				8A182E5517C66F480029E3FE /* c76.txt in Resources */,
				8A182E5617C66F480029E3FE /* c77.txt in Resources */,
				8A182E5717C66F480029E3FE /* c78.txt in Resources */,
				8A182E5817C66F480029E3FE /* c79.txt in Resources */,
				8A182E5917C66F480029E3FE /* c80.txt in Resources */,
				8A182E5A17C66F480029E3FE /* c81.txt in Resources */,
				8A182E5B17C66F480029E3FE /* c82.txt in Resources */,
				8A182E5C17C66F480029E3FE /* c83.txt in Resources */,
				8A182E5D17C66F480029E3FE /* c84.txt in Resources */,
				8A182E5E17C66F480029E3FE /* c85.txt in Resources */,
				8A182E5F17C66F480029E3FE /* c86.txt in Resources */,
				8A182E6017C66F480029E3FE /* c87.txt in Resources */,
				8A182E6117C66F480029E3FE /* c88.txt in Resources */,
				8A182E6217C66F480029E3FE /* c89.txt in Resources */,
				8A182E6317C66F480029E3FE /* c90.txt in Resources */,
				8A182E6417C66F480029E3FE /* c91.txt in Resources */,
				8A182E6517C66F480029E3FE /* c92.txt in Resources */,
				8A182E6617C66F480029E3FE /* c93.txt in Resources */,
				8A182E6717C66F480029E3FE /* c94.txt in Resources */,
				8A182E6817C66F480029E3FE /* c95.txt in Resources */,
				8A182E6917C66F480029E3FE /* c96.txt in Resources */,
				8A182E6A17C66F480029E3FE /* c97.txt in Resources */,
				8A182E6B17C66F480029E3FE /* c98.txt in Resources */,
				8A182E6C17C66F480029E3FE /* c99.txt in Resources */,
				8A182E6D17C66F480029E3FE /* c100.txt in Resources */,
				8A182E6E17C66F480029E3FE /* c101.txt in Resources */,
				8A182E6F17C66F480029E3FE /* c102.txt in Resources */,
				8A182E7017C66F480029E3FE /* c103.txt in Resources */,
				8A182E7117C66F480029E3FE /* c104.txt in Resources */,
				8A182E7217C66F480029E3FE /* c105.txt in Resources */,
				8A182E7317C66F480029E3FE /* c106.txt in Resources */,
				8A182E7417C66F480029E3FE /* c107.txt in Resources */,
				8A182E7517C66F480029E3FE /* c108.txt in Resources */,
				8A182E7617C66F480029E3FE /* c109.txt in Resources */,
				8A182E7717C66F480029E3FE /* c110.txt in Resources */,
				8A182E7817C66F480029E3FE /* c111.txt in Resources */,
				8A182E7917C66F480029E3FE /* c112.txt in Resources */,
				8A182E7A17C66F480029E3FE /* c113.txt in Resources */,
				8A182E7B17C66F480029E3FE /* c114.txt in Resources */,
				8A182E7C17C66F480029E3FE /* c115.txt in Resources */,
				8A182E7D17C66F480029E3FE /* c116.txt in Resources */,
				8A182E7E17C66F480029E3FE /* c117.txt in Resources */,
				8A182E7F17C66F480029E3FE /* c118.txt in Resources */,
				8A182E8017C66F480029E3FE /* c119.txt in Resources */,
				8A182E8117C66F480029E3FE /* c120.txt in Resources */,
				8A182E8217C66F480029E3FE /* c121.txt in Resources */,
				8A182E8317C66F480029E3FE /* c122.txt in Resources */,
				8A182E8417C66F480029E3FE /* c123.txt in Resources */,
				8A182E8517C66F480029E3FE /* c124.txt in Resources */,
				8A182E8617C66F480029E3FE /* c125.txt in Resources */,
				8A182E8717C66F480029E3FE /* c126.txt in Resources */,
				8A182E8817C66F480029E3FE /* c127.txt in Resources */,
				8A182E8917C66F480029E3FE /* c128.txt in Resources */,
				8A182E8A17C66F480029E3FE /* c129.txt in Resources */,
				8A182E8B17C66F480029E3FE /* c130.txt in Resources */,
				8A182E8C17C66F480029E3FE /* c131.txt in Resources */,
				8A182E8D17C66F480029E3FE /* c132.txt in Resources */,
				8A182E8E17C66F480029E3FE /* c133.txt in Resources */,
				8A182E8F17C66F480029E3FE /* c134.txt in Resources */,
				8A182E9017C66F480029E3FE /* c135.txt in Resources */,
				8A182E9117C66F480029E3FE /* c136.txt in Resources */,
				8A182E9217C66F480029E3FE /* c137.txt in Resources */,
				8A182E9317C66F480029E3FE /* c138.txt in Resources */,
				8A182E9417C66F480029E3FE /* c139.txt in Resources */,
				8A182E9517C66F480029E3FE /* c140.txt in Resources */,
				8A182E9617C66F480029E3FE /* c141.txt in Resources */,
				8A182E9717C66F480029E3FE /* c142.txt in Resources */,
				8A182E9817C66F480029E3FE /* c143.txt in Resources */,
				8A182E9917C66F480029E3FE /* c144.txt in Resources */,
				8A182E9A17C66F480029E3FE /* c145.txt in Resources */,
				8A182E9B17C66F480029E3FE /* c146.txt in Resources */,
				8A182E9C17C66F480029E3FE /* c147.txt in Resources */,
				8A182E9D17C66F480029E3FE /* c148.txt in Resources */,
				8A182E9E17C66F480029E3FE /* c149.txt in Resources */,
				8A182E9F17C66F480029E3FE /* c150.txt in Resources */,
				8A182EA017C66F480029E3FE /* indice.txt in Resources */,
			);
			runOnlyForDeploymentPostprocessing = 0;
		};
/* End PBXResourcesBuildPhase section */

/* Begin PBXSourcesBuildPhase section */
		8A182D3717C63B9C0029E3FE /* Sources */ = {
			isa = PBXSourcesBuildPhase;
			buildActionMask = 2147483647;
			files = (
				8A182D4B17C63B9C0029E3FE /* main.m in Sources */,
				8A182D4F17C63B9C0029E3FE /* AppDelegate.m in Sources */,
				8A182D5B17C63B9C0029E3FE /* FirstViewController.m in Sources */,
				8A182D6E17C63BD50029E3FE /* Indice.m in Sources */,
				8A182D7117C63E800029E3FE /* Cantico.m in Sources */,
			);
			runOnlyForDeploymentPostprocessing = 0;
		};
/* End PBXSourcesBuildPhase section */

/* Begin PBXVariantGroup section */
		8A182D4717C63B9C0029E3FE /* InfoPlist.strings */ = {
			isa = PBXVariantGroup;
			children = (
				8A182D4817C63B9C0029E3FE /* en */,
			);
			name = InfoPlist.strings;
			sourceTree = "<group>";
		};
		8A182D5617C63B9C0029E3FE /* MainStoryboard.storyboard */ = {
			isa = PBXVariantGroup;
			children = (
				8A182D5717C63B9C0029E3FE /* en */,
			);
			name = MainStoryboard.storyboard;
			sourceTree = "<group>";
		};
/* End PBXVariantGroup section */

/* Begin XCBuildConfiguration section */
		8A182D6717C63B9C0029E3FE /* Debug */ = {
			isa = XCBuildConfiguration;
			buildSettings = {
				ALWAYS_SEARCH_USER_PATHS = NO;
				CLANG_CXX_LANGUAGE_STANDARD = "gnu++0x";
				CLANG_CXX_LIBRARY = "libc++";
				CLANG_ENABLE_OBJC_ARC = YES;
				CLANG_WARN_CONSTANT_CONVERSION = YES;
				CLANG_WARN_EMPTY_BODY = YES;
				CLANG_WARN_ENUM_CONVERSION = YES;
				CLANG_WARN_INT_CONVERSION = YES;
				CLANG_WARN__DUPLICATE_METHOD_MATCH = YES;
				"CODE_SIGN_IDENTITY[sdk=iphoneos*]" = "iPhone Developer";
				COPY_PHASE_STRIP = NO;
				GCC_C_LANGUAGE_STANDARD = gnu99;
				GCC_DYNAMIC_NO_PIC = NO;
				GCC_OPTIMIZATION_LEVEL = 0;
				GCC_PREPROCESSOR_DEFINITIONS = (
					"DEBUG=1",
					"$(inherited)",
				);
				GCC_SYMBOLS_PRIVATE_EXTERN = NO;
				GCC_WARN_ABOUT_RETURN_TYPE = YES;
				GCC_WARN_UNINITIALIZED_AUTOS = YES;
				GCC_WARN_UNUSED_VARIABLE = YES;
				IPHONEOS_DEPLOYMENT_TARGET = 6.1;
				ONLY_ACTIVE_ARCH = YES;
				SDKROOT = iphoneos;
			};
			name = Debug;
		};
		8A182D6817C63B9C0029E3FE /* Release */ = {
			isa = XCBuildConfiguration;
			buildSettings = {
				ALWAYS_SEARCH_USER_PATHS = NO;
				CLANG_CXX_LANGUAGE_STANDARD = "gnu++0x";
				CLANG_CXX_LIBRARY = "libc++";
				CLANG_ENABLE_OBJC_ARC = YES;
				CLANG_WARN_CONSTANT_CONVERSION = YES;
				CLANG_WARN_EMPTY_BODY = YES;
				CLANG_WARN_ENUM_CONVERSION = YES;
				CLANG_WARN_INT_CONVERSION = YES;
				CLANG_WARN__DUPLICATE_METHOD_MATCH = YES;
				"CODE_SIGN_IDENTITY[sdk=iphoneos*]" = "iPhone Developer";
				COPY_PHASE_STRIP = YES;
				GCC_C_LANGUAGE_STANDARD = gnu99;
				GCC_WARN_ABOUT_RETURN_TYPE = YES;
				GCC_WARN_UNINITIALIZED_AUTOS = YES;
				GCC_WARN_UNUSED_VARIABLE = YES;
				IPHONEOS_DEPLOYMENT_TARGET = 6.1;
				OTHER_CFLAGS = "-DNS_BLOCK_ASSERTIONS=1";
				SDKROOT = iphoneos;
				VALIDATE_PRODUCT = YES;
			};
			name = Release;
		};
		8A182D6A17C63B9C0029E3FE /* Debug */ = {
			isa = XCBuildConfiguration;
			buildSettings = {
				GCC_PRECOMPILE_PREFIX_HEADER = YES;
				GCC_PREFIX_HEADER = "LivroDeCanticos/LivroDeCanticos-Prefix.pch";
				INFOPLIST_FILE = "LivroDeCanticos/LivroDeCanticos-Info.plist";
				PRODUCT_NAME = "$(TARGET_NAME)";
				WRAPPER_EXTENSION = app;
			};
			name = Debug;
		};
		8A182D6B17C63B9C0029E3FE /* Release */ = {
			isa = XCBuildConfiguration;
			buildSettings = {
				GCC_PRECOMPILE_PREFIX_HEADER = YES;
				GCC_PREFIX_HEADER = "LivroDeCanticos/LivroDeCanticos-Prefix.pch";
				INFOPLIST_FILE = "LivroDeCanticos/LivroDeCanticos-Info.plist";
				PRODUCT_NAME = "$(TARGET_NAME)";
				WRAPPER_EXTENSION = app;
			};
			name = Release;
		};
/* End XCBuildConfiguration section */

/* Begin XCConfigurationList section */
		8A182D3617C63B9C0029E3FE /* Build configuration list for PBXProject "LivroDeCanticos" */ = {
			isa = XCConfigurationList;
			buildConfigurations = (
				8A182D6717C63B9C0029E3FE /* Debug */,
				8A182D6817C63B9C0029E3FE /* Release */,
			);
			defaultConfigurationIsVisible = 0;
			defaultConfigurationName = Release;
		};
		8A182D6917C63B9C0029E3FE /* Build configuration list for PBXNativeTarget "LivroDeCanticos" */ = {
			isa = XCConfigurationList;
			buildConfigurations = (
				8A182D6A17C63B9C0029E3FE /* Debug */,
				8A182D6B17C63B9C0029E3FE /* Release */,
			);
			defaultConfigurationIsVisible = 0;
		};
/* End XCConfigurationList section */
	};
	rootObject = 8A182D3317C63B9C0029E3FE /* Project object */;
}
